
Microsoft Visual Studio Solution File, Format Version 12.00
# Visual Studio Version 17
VisualStudioVersion = 17.10.34928.147
MinimumVisualStudioVersion = 10.0.40219.1
Project("{9A19103F-16F7-4668-BE54-9A1E7A4F7556}") = "ProyBackEnd", "ProyBackEnd\ProyBackEnd.csproj", "{779A2EB9-8101-4765-B24F-93A56E32F849}"
EndProject
Project("{9A19103F-16F7-4668-BE54-9A1E7A4F7556}") = "CapaEntidad", "CapaEntidad\CapaEntidad.csproj", "{6C111DDE-C562-42FA-B72C-E95F5E183DFE}"
EndProject
Project("{9A19103F-16F7-4668-BE54-9A1E7A4F7556}") = "ProyFrontEnd", "ProyFrontEnd\ProyFrontEnd.csproj", "{9C023B75-B912-4CAE-AA78-9036527324A5}"
EndProject
Global
	GlobalSection(SolutionConfigurationPlatforms) = preSolution
		Debug|Any CPU = Debug|Any CPU
		Release|Any CPU = Release|Any CPU
	EndGlobalSection
	GlobalSection(ProjectConfigurationPlatforms) = postSolution
		{779A2EB9-8101-4765-B24F-93A56E32F849}.Debug|Any CPU.ActiveCfg = Debug|Any CPU
		{779A2EB9-8101-4765-B24F-93A56E32F849}.Debug|Any CPU.Build.0 = Debug|Any CPU
		{779A2EB9-8101-4765-B24F-93A56E32F849}.Release|Any CPU.ActiveCfg = Release|Any CPU
		{779A2EB9-8101-4765-B24F-93A56E32F849}.Release|Any CPU.Build.0 = Release|Any CPU
		{6C111DDE-C562-42FA-B72C-E95F5E183DFE}.Debug|Any CPU.ActiveCfg = Debug|Any CPU
		{6C111DDE-C562-42FA-B72C-E95F5E183DFE}.Debug|Any CPU.Build.0 = Debug|Any CPU
		{6C111DDE-C562-42FA-B72C-E95F5E183DFE}.Release|Any CPU.ActiveCfg = Release|Any CPU
		{6C111DDE-C562-42FA-B72C-E95F5E183DFE}.Release|Any CPU.Build.0 = Release|Any CPU
		{9C023B75-B912-4CAE-AA78-9036527324A5}.Debug|Any CPU.ActiveCfg = Debug|Any CPU
		{9C023B75-B912-4CAE-AA78-9036527324A5}.Debug|Any CPU.Build.0 = Debug|Any CPU
		{9C023B75-B912-4CAE-AA78-9036527324A5}.Release|Any CPU.ActiveCfg = Release|Any CPU
		{9C023B75-B912-4CAE-AA78-9036527324A5}.Release|Any CPU.Build.0 = Release|Any CPU
	EndGlobalSection
	GlobalSection(SolutionProperties) = preSolution
		HideSolutionNode = FALSE
	EndGlobalSection
	GlobalSection(ExtensibilityGlobals) = postSolution
		SolutionGuid = {C7910963-9EE9-4635-9495-9F218F02685F}
	EndGlobalSection
EndGlobal
